
Microsoft Visual Studio Solution File, Format Version 12.00
# Visual Studio 15
VisualStudioVersion = 15.0.27004.2002
MinimumVisualStudioVersion = 10.0.40219.1
Project("{FAE04EC0-301F-11D3-BF4B-00C04F79EFBC}") = "Proba_pusta", "Proba_pusta\Proba_pusta.csproj", "{76AF904A-BE08-478D-B656-A0DC90D2BDFB}"
EndProject
Global
	GlobalSection(SolutionConfigurationPlatforms) = preSolution
		Debug|Any CPU = Debug|Any CPU
		Release|Any CPU = Release|Any CPU
	EndGlobalSection
	GlobalSection(ProjectConfigurationPlatforms) = postSolution
		{76AF904A-BE08-478D-B656-A0DC90D2BDFB}.Debug|Any CPU.ActiveCfg = Debug|Any CPU
		{76AF904A-BE08-478D-B656-A0DC90D2BDFB}.Debug|Any CPU.Build.0 = Debug|Any CPU
		{76AF904A-BE08-478D-B656-A0DC90D2BDFB}.Release|Any CPU.ActiveCfg = Release|Any CPU
		{76AF904A-BE08-478D-B656-A0DC90D2BDFB}.Release|Any CPU.Build.0 = Release|Any CPU
	EndGlobalSection
	GlobalSection(SolutionProperties) = preSolution
		HideSolutionNode = FALSE
	EndGlobalSection
	GlobalSection(ExtensibilityGlobals) = postSolution
		SolutionGuid = {75B6B38F-51F6-40C9-8416-396B58537CF6}
	EndGlobalSection
EndGlobal
